{
  "name": "wme-capture-viewport",
  "version": "0.0.2",
  "lockfileVersion": 3,
  "requires": true,
  "packages": {
    "": {
      "name": "wme-capture-viewport",
      "version": "0.0.2",
      "license": "MIT",
      "devDependencies": {
        "@typescript/lib-dom": "npm:@types/web@^0.0.236",
        "typescript": "^5.8.3",
        "wme-sdk-typings": "https://web-assets.waze.com/wme_sdk_docs/production/latest/wme-sdk-typings.tgz"
      }
    },
    "node_modules/@types/geojson": {
      "version": "7946.0.16",
      "resolved": "https://registry.npmjs.org/@types/geojson/-/geojson-7946.0.16.tgz",
      "integrity": "sha512-6C8nqWur3j98U6+lXDfTUWIfgvZU+EumvpHKcYjujKH7woYyLj2sUmff0tRhrqM7BohUw7Pz3ZB1jj2gW9Fvmg==",
      "dev": true,
      "license": "MIT",
      "peer": true
    },
    "node_modules/@typescript/lib-dom": {
      "name": "@types/web",
      "version": "0.0.236",
      "resolved": "https://registry.npmjs.org/@types/web/-/web-0.0.236.tgz",
      "integrity": "sha512-QZhfiSGpgU9uoWkMqW/hgpBgUPkx7sbTfUt+ObPOmA3K2Dds5zxTrmijKgNM0G7LbE6YP3zQ8FaFFru6R1nLng==",
      "dev": true,
      "license": "Apache-2.0"
    },
    "node_modules/typescript": {
      "version": "5.8.3",
      "resolved": "https://registry.npmjs.org/typescript/-/typescript-5.8.3.tgz",
      "integrity": "sha512-p1diW6TqL9L07nNxvRMM7hMMw4c5XOo/1ibL4aAIGmSAt9slTE1Xgw5KWuof2uTOvCg9BY7ZRi+GaF+7sfgPeQ==",
      "dev": true,
      "license": "Apache-2.0",
      "bin": {
        "tsc": "bin/tsc",
        "tsserver": "bin/tsserver"
      },
      "engines": {
        "node": ">=14.17"
      }
    },
    "node_modules/wme-sdk-typings": {
      "version": "v2.290-10-g58a886335",
      "resolved": "https://web-assets.waze.com/wme_sdk_docs/production/latest/wme-sdk-typings.tgz",
      "integrity": "sha512-jsp6KQMrvbV/JbDY6gDpURDbdQoxPwzKo9Ccyjtb6yTh70GNZEqPxCO1gBbjQYb1UiC/7UEomDsmi2qqMQ6BNQ==",
      "dev": true,
      "license": "UNLICENSED",
      "peerDependencies": {
        "@types/geojson": "^7946.0.14"
      }
    }
  }
}
